
Microsoft Visual Studio Solution File, Format Version 12.00
# Visual Studio Version 17
VisualStudioVersion = 17.0.31903.59
MinimumVisualStudioVersion = 10.0.40219.1
Project("{FAE04EC0-301F-11D3-BF4B-00C04F79EFBC}") = "QuickBlocks.Site", "QuickBlocks.Site\QuickBlocks.Site.csproj", "{BC2EA478-5E22-4A94-AC8A-E4E144411E95}"
EndProject
Project("{FAE04EC0-301F-11D3-BF4B-00C04F79EFBC}") = "QuickBlocks", "QuickBlocks\QuickBlocks.csproj", "{5DD5F98B-FBD1-4259-A55B-AB9C7E6ECD13}"
EndProject
Global
	GlobalSection(SolutionConfigurationPlatforms) = preSolution
		Debug|Any CPU = Debug|Any CPU
		Release|Any CPU = Release|Any CPU
	EndGlobalSection
	GlobalSection(SolutionProperties) = preSolution
		HideSolutionNode = FALSE
	EndGlobalSection
	GlobalSection(ProjectConfigurationPlatforms) = postSolution
		{BC2EA478-5E22-4A94-AC8A-E4E144411E95}.Debug|Any CPU.ActiveCfg = Debug|Any CPU
		{BC2EA478-5E22-4A94-AC8A-E4E144411E95}.Debug|Any CPU.Build.0 = Debug|Any CPU
		{BC2EA478-5E22-4A94-AC8A-E4E144411E95}.Release|Any CPU.ActiveCfg = Release|Any CPU
		{BC2EA478-5E22-4A94-AC8A-E4E144411E95}.Release|Any CPU.Build.0 = Release|Any CPU
		{5DD5F98B-FBD1-4259-A55B-AB9C7E6ECD13}.Debug|Any CPU.ActiveCfg = Debug|Any CPU
		{5DD5F98B-FBD1-4259-A55B-AB9C7E6ECD13}.Debug|Any CPU.Build.0 = Debug|Any CPU
		{5DD5F98B-FBD1-4259-A55B-AB9C7E6ECD13}.Release|Any CPU.ActiveCfg = Release|Any CPU
		{5DD5F98B-FBD1-4259-A55B-AB9C7E6ECD13}.Release|Any CPU.Build.0 = Release|Any CPU
	EndGlobalSection
EndGlobal
